
Microsoft Visual Studio Solution File, Format Version 12.00
# Visual Studio 15
VisualStudioVersion = 15.0.28307.1022
MinimumVisualStudioVersion = 10.0.40219.1
Project("{8BC9CEB8-8B4A-11D0-8D11-00A0C91BC942}") = "SFMLSpaceShip", "SFMLSpaceShip\SFMLSpaceShip.vcxproj", "{118507BB-13D1-40ED-8883-ECFC7C91AD22}"
EndProject
Global
	GlobalSection(SolutionConfigurationPlatforms) = preSolution
		Debug|x64 = Debug|x64
		Debug|x86 = Debug|x86
		Release|x64 = Release|x64
		Release|x86 = Release|x86
	EndGlobalSection
	GlobalSection(ProjectConfigurationPlatforms) = postSolution
		{118507BB-13D1-40ED-8883-ECFC7C91AD22}.Debug|x64.ActiveCfg = Debug|x64
		{118507BB-13D1-40ED-8883-ECFC7C91AD22}.Debug|x64.Build.0 = Debug|x64
		{118507BB-13D1-40ED-8883-ECFC7C91AD22}.Debug|x86.ActiveCfg = Debug|Win32
		{118507BB-13D1-40ED-8883-ECFC7C91AD22}.Debug|x86.Build.0 = Debug|Win32
		{118507BB-13D1-40ED-8883-ECFC7C91AD22}.Release|x64.ActiveCfg = Release|x64
		{118507BB-13D1-40ED-8883-ECFC7C91AD22}.Release|x64.Build.0 = Release|x64
		{118507BB-13D1-40ED-8883-ECFC7C91AD22}.Release|x86.ActiveCfg = Release|Win32
		{118507BB-13D1-40ED-8883-ECFC7C91AD22}.Release|x86.Build.0 = Release|Win32
	EndGlobalSection
	GlobalSection(SolutionProperties) = preSolution
		HideSolutionNode = FALSE
	EndGlobalSection
	GlobalSection(ExtensibilityGlobals) = postSolution
		SolutionGuid = {B673CA80-2F5B-4AF8-9328-E141C16A2E61}
	EndGlobalSection
EndGlobal
