<?xml version="1.0" encoding="utf-8"?>
<Project ToolsVersion="4.0" xmlns="http://schemas.microsoft.com/developer/msbuild/2003">
  <ItemGroup>
    <Filter Include="Исходные файлы">
      <UniqueIdentifier>{4FC737F1-C7A5-4376-A066-2A32D752A2FF}</UniqueIdentifier>
      <Extensions>cpp;c;cc;cxx;def;odl;idl;hpj;bat;asm;asmx</Extensions>
    </Filter>
    <Filter Include="Файлы заголовков">
      <UniqueIdentifier>{93995380-89BD-4b04-88EB-625FBE52EBFB}</UniqueIdentifier>
      <Extensions>h;hh;hpp;hxx;hm;inl;inc;ipp;xsd</Extensions>
    </Filter>
    <Filter Include="Файлы ресурсов">
      <UniqueIdentifier>{67DA6AB6-F800-4c08-8B7A-83BB121AAD01}</UniqueIdentifier>
      <Extensions>rc;ico;cur;bmp;dlg;rc2;rct;bin;rgs;gif;jpg;jpeg;jpe;resx;tiff;tif;png;wav;mfcribbon-ms</Extensions>
    </Filter>
    <Filter Include="Файлы заголовков\GUI">
      <UniqueIdentifier>{8e3278df-54bf-4adf-a1eb-58324717fb9f}</UniqueIdentifier>
    </Filter>
    <Filter Include="Исходные файлы\GUI">
      <UniqueIdentifier>{9a2aef99-9126-429c-9005-40239417ab78}</UniqueIdentifier>
    </Filter>
    <Filter Include="Файлы заголовков\States">
      <UniqueIdentifier>{456164aa-bbeb-4482-ac65-f74e3b872c46}</UniqueIdentifier>
    </Filter>
    <Filter Include="Исходные файлы\States">
      <UniqueIdentifier>{969e66b2-d70d-4dfb-86e3-e7fe04dc858e}</UniqueIdentifier>
    </Filter>
    <Filter Include="Файлы заголовков\Enums">
      <UniqueIdentifier>{be27b2ee-40b9-4c5d-aeaa-ab3cd6193210}</UniqueIdentifier>
    </Filter>
  </ItemGroup>
  <ItemGroup>
    <ClCompile Include="main.cpp">
      <Filter>Исходные файлы</Filter>
    </ClCompile>
    <ClCompile Include="Game.cpp">
      <Filter>Исходные файлы</Filter>
    </ClCompile>
    <ClCompile Include="Player.cpp">
      <Filter>Исходные файлы</Filter>
    </ClCompile>
    <ClCompile Include="Action.cpp">
      <Filter>Исходные файлы</Filter>
    </ClCompile>
    <ClCompile Include="Configuration.cpp">
      <Filter>Исходные файлы</Filter>
    </ClCompile>
    <ClCompile Include="Widget.cpp">
      <Filter>Исходные файлы\GUI</Filter>
    </ClCompile>
    <ClCompile Include="Label.cpp">
      <Filter>Исходные файлы\GUI</Filter>
    </ClCompile>
    <ClCompile Include="Button.cpp">
      <Filter>Исходные файлы\GUI</Filter>
    </ClCompile>
    <ClCompile Include="TextButton.cpp">
      <Filter>Исходные файлы\GUI</Filter>
    </ClCompile>
    <ClCompile Include="Container.cpp">
      <Filter>Исходные файлы\GUI</Filter>
    </ClCompile>
    <ClCompile Include="Frame.cpp">
      <Filter>Исходные файлы\GUI</Filter>
    </ClCompile>
    <ClCompile Include="Layout.cpp">
      <Filter>Исходные файлы\GUI</Filter>
    </ClCompile>
    <ClCompile Include="VLayout.cpp">
      <Filter>Исходные файлы\GUI</Filter>
    </ClCompile>
    <ClCompile Include="Entity.cpp">
      <Filter>Исходные файлы</Filter>
    </ClCompile>
    <ClCompile Include="SceneNode.cpp">
      <Filter>Исходные файлы</Filter>
    </ClCompile>
    <ClCompile Include="Spacecraft.cpp">
      <Filter>Исходные файлы</Filter>
    </ClCompile>
    <ClCompile Include="World.cpp">
      <Filter>Исходные файлы</Filter>
    </ClCompile>
    <ClCompile Include="Application.cpp">
      <Filter>Исходные файлы</Filter>
    </ClCompile>
    <ClCompile Include="GameState.cpp">
      <Filter>Исходные файлы\States</Filter>
    </ClCompile>
    <ClCompile Include="MenuState.cpp">
      <Filter>Исходные файлы\States</Filter>
    </ClCompile>
    <ClCompile Include="PauseState.cpp">
      <Filter>Исходные файлы\States</Filter>
    </ClCompile>
    <ClCompile Include="State.cpp">
      <Filter>Исходные файлы\States</Filter>
    </ClCompile>
    <ClCompile Include="StateData.cpp">
      <Filter>Исходные файлы\States</Filter>
    </ClCompile>
    <ClCompile Include="StateMachine.cpp">
      <Filter>Исходные файлы\States</Filter>
    </ClCompile>
    <ClCompile Include="TitleState.cpp">
      <Filter>Исходные файлы\States</Filter>
    </ClCompile>
    <ClCompile Include="GeneralData.cpp">
      <Filter>Исходные файлы</Filter>
    </ClCompile>
    <ClCompile Include="Projectile.cpp">
      <Filter>Исходные файлы</Filter>
    </ClCompile>
  </ItemGroup>
  <ItemGroup>
    <ClInclude Include="Game.hpp">
      <Filter>Файлы заголовков</Filter>
    </ClInclude>
    <ClInclude Include="Player.hpp">
      <Filter>Файлы заголовков</Filter>
    </ClInclude>
    <ClInclude Include="Action.hpp">
      <Filter>Файлы заголовков</Filter>
    </ClInclude>
    <ClInclude Include="ActionTarget.hpp">
      <Filter>Файлы заголовков</Filter>
    </ClInclude>
    <ClInclude Include="ActionMap.hpp">
      <Filter>Файлы заголовков</Filter>
    </ClInclude>
    <ClInclude Include="ResourceManager.hpp">
      <Filter>Файлы заголовков</Filter>
    </ClInclude>
    <ClInclude Include="Configuration.hpp">
      <Filter>Файлы заголовков</Filter>
    </ClInclude>
    <ClInclude Include="Widget.hpp">
      <Filter>Файлы заголовков\GUI</Filter>
    </ClInclude>
    <ClInclude Include="Label.hpp">
      <Filter>Файлы заголовков\GUI</Filter>
    </ClInclude>
    <ClInclude Include="Button.hpp">
      <Filter>Файлы заголовков\GUI</Filter>
    </ClInclude>
    <ClInclude Include="TextButton.hpp">
      <Filter>Файлы заголовков\GUI</Filter>
    </ClInclude>
    <ClInclude Include="Container.hpp">
      <Filter>Файлы заголовков\GUI</Filter>
    </ClInclude>
    <ClInclude Include="Frame.hpp">
      <Filter>Файлы заголовков\GUI</Filter>
    </ClInclude>
    <ClInclude Include="Layout.hpp">
      <Filter>Файлы заголовков\GUI</Filter>
    </ClInclude>
    <ClInclude Include="VLayout.hpp">
      <Filter>Файлы заголовков\GUI</Filter>
    </ClInclude>
    <ClInclude Include="GUI.hpp">
      <Filter>Файлы заголовков\GUI</Filter>
    </ClInclude>
    <ClInclude Include="Entity.hpp">
      <Filter>Файлы заголовков</Filter>
    </ClInclude>
    <ClInclude Include="SceneNode.hpp">
      <Filter>Файлы заголовков</Filter>
    </ClInclude>
    <ClInclude Include="Spacecraft.hpp">
      <Filter>Файлы заголовков</Filter>
    </ClInclude>
    <ClInclude Include="World.hpp">
      <Filter>Файлы заголовков</Filter>
    </ClInclude>
    <ClInclude Include="Application.hpp">
      <Filter>Файлы заголовков</Filter>
    </ClInclude>
    <ClInclude Include="GameState.hpp">
      <Filter>Файлы заголовков\States</Filter>
    </ClInclude>
    <ClInclude Include="MenuState.hpp">
      <Filter>Файлы заголовков\States</Filter>
    </ClInclude>
    <ClInclude Include="PauseState.hpp">
      <Filter>Файлы заголовков\States</Filter>
    </ClInclude>
    <ClInclude Include="State.hpp">
      <Filter>Файлы заголовков\States</Filter>
    </ClInclude>
    <ClInclude Include="StateData.hpp">
      <Filter>Файлы заголовков\States</Filter>
    </ClInclude>
    <ClInclude Include="StateMachine.hpp">
      <Filter>Файлы заголовков\States</Filter>
    </ClInclude>
    <ClInclude Include="StateType.hpp">
      <Filter>Файлы заголовков\States</Filter>
    </ClInclude>
    <ClInclude Include="TitleState.hpp">
      <Filter>Файлы заголовков\States</Filter>
    </ClInclude>
    <ClInclude Include="GeneralData.hpp">
      <Filter>Файлы заголовков</Filter>
    </ClInclude>
    <ClInclude Include="Projectile.hpp">
      <Filter>Файлы заголовков</Filter>
    </ClInclude>
    <ClInclude Include="SpacecraftTypes.hpp">
      <Filter>Файлы заголовков\Enums</Filter>
    </ClInclude>
    <ClInclude Include="SceneNodeTypes.hpp">
      <Filter>Файлы заголовков\Enums</Filter>
    </ClInclude>
    <ClInclude Include="ProjectileTypes.hpp">
      <Filter>Файлы заголовков\Enums</Filter>
    </ClInclude>
  </ItemGroup>
</Project>